// !$*UTF8*$!
{
	archiveVersion = 1;
	classes = {
	};
	objectVersion = 46;
	objects = {

/* Begin PBXBuildFile section */
		1003C0C41DF58DD900112FFC /* TextBox.swift in Sources */ = {isa = PBXBuildFile; fileRef = 1003C0C31DF58DD900112FFC /* TextBox.swift */; };
		1003C0C61DF58E0200112FFC /* TextBox.xml in Resources */ = {isa = PBXBuildFile; fileRef = 1003C0C51DF58E0200112FFC /* TextBox.xml */; };
		102327001E1149E30012D550 /* ViewController.swift in Sources */ = {isa = PBXBuildFile; fileRef = 102326FF1E1149E30012D550 /* ViewController.swift */; };
		1035D5BD1DE4B84D000C6BFD /* LiberationSans.ttf in Resources */ = {isa = PBXBuildFile; fileRef = 1035D5BC1DE4B84D000C6BFD /* LiberationSans.ttf */; };
		1043D72F1DF0C96100C0FF63 /* NewButton.swift in Sources */ = {isa = PBXBuildFile; fileRef = 1043D72E1DF0C96100C0FF63 /* NewButton.swift */; };
		1043D7311DF0CAF700C0FF63 /* NewButton.xml in Resources */ = {isa = PBXBuildFile; fileRef = 1043D7301DF0CAF700C0FF63 /* NewButton.xml */; };
		1043D7331DF0E24900C0FF63 /* WorkoutCell.swift in Sources */ = {isa = PBXBuildFile; fileRef = 1043D7321DF0E24900C0FF63 /* WorkoutCell.swift */; };
		104415421DFB147F00978FD5 /* WorkoutButton.swift in Sources */ = {isa = PBXBuildFile; fileRef = 104415411DFB147F00978FD5 /* WorkoutButton.swift */; };
		104415441DFB153900978FD5 /* WorkoutButton.xml in Resources */ = {isa = PBXBuildFile; fileRef = 104415431DFB153900978FD5 /* WorkoutButton.xml */; };
		10443BF91DF3A42C00FAECA0 /* DetailsCell.swift in Sources */ = {isa = PBXBuildFile; fileRef = 10443BF81DF3A42C00FAECA0 /* DetailsCell.swift */; };
		10443BFB1DF3A59D00FAECA0 /* DetailsCell.xml in Resources */ = {isa = PBXBuildFile; fileRef = 10443BFA1DF3A59D00FAECA0 /* DetailsCell.xml */; };
		1044DCA91DD20880006B6582 /* Application.swift in Sources */ = {isa = PBXBuildFile; fileRef = 1044DCA81DD20880006B6582 /* Application.swift */; };
		107675CF1DEF3AE800CEDAC7 /* BackButton.xml in Resources */ = {isa = PBXBuildFile; fileRef = 107675CE1DEF3AE800CEDAC7 /* BackButton.xml */; };
		107675D11DEF3DCC00CEDAC7 /* BackButton.swift in Sources */ = {isa = PBXBuildFile; fileRef = 107675D01DEF3DCC00CEDAC7 /* BackButton.swift */; };
		107A287A1E01BBF9005F0A8B /* HistoryButton.xml in Resources */ = {isa = PBXBuildFile; fileRef = 107A28791E01BBF9005F0A8B /* HistoryButton.xml */; };
		107A287D1E01BD63005F0A8B /* HistoryButton.swift in Sources */ = {isa = PBXBuildFile; fileRef = 107A287C1E01BD63005F0A8B /* HistoryButton.swift */; };
		107A287F1E01CA39005F0A8B /* ViewButton.swift in Sources */ = {isa = PBXBuildFile; fileRef = 107A287E1E01CA39005F0A8B /* ViewButton.swift */; };
		107A28811E01CB28005F0A8B /* ViewButton.xml in Resources */ = {isa = PBXBuildFile; fileRef = 107A28801E01CB28005F0A8B /* ViewButton.xml */; };
		107E5DBF1E06DCF70047EFCF /* ComboButton.swift in Sources */ = {isa = PBXBuildFile; fileRef = 107E5DBE1E06DCF70047EFCF /* ComboButton.swift */; };
		107E5DC11E06E4C10047EFCF /* ComboButton.xml in Resources */ = {isa = PBXBuildFile; fileRef = 107E5DC01E06E4C10047EFCF /* ComboButton.xml */; };
		1093C4721E12ED5600B9912E /* ComboExpand.xml in Resources */ = {isa = PBXBuildFile; fileRef = 1093C4711E12ED5600B9912E /* ComboExpand.xml */; };
		10A8C9571DEF17E7004C5211 /* Settings.swift in Sources */ = {isa = PBXBuildFile; fileRef = 10A8C9561DEF17E7004C5211 /* Settings.swift */; };
		10A8C9591DEF18E5004C5211 /* Settings.xml in Resources */ = {isa = PBXBuildFile; fileRef = 10A8C9581DEF18E5004C5211 /* Settings.xml */; };
		10ADCD631DE5CCAA0078D587 /* MainButton.xml in Resources */ = {isa = PBXBuildFile; fileRef = 10ADCD621DE5CCAA0078D587 /* MainButton.xml */; };
		10ADCD651DE5CE420078D587 /* MainButton.swift in Sources */ = {isa = PBXBuildFile; fileRef = 10ADCD641DE5CE420078D587 /* MainButton.swift */; };
		10ADCD671DE5F7C20078D587 /* RoundButton.swift in Sources */ = {isa = PBXBuildFile; fileRef = 10ADCD661DE5F7C20078D587 /* RoundButton.swift */; };
		10ADCD691DE5F9030078D587 /* RoundButton.xml in Resources */ = {isa = PBXBuildFile; fileRef = 10ADCD681DE5F9030078D587 /* RoundButton.xml */; };
		10DD97571E0173CA009DC796 /* SingleLine.swift in Sources */ = {isa = PBXBuildFile; fileRef = 10DD97561E0173C9009DC796 /* SingleLine.swift */; };
		10DD97591E0182C8009DC796 /* HistoryDetail.swift in Sources */ = {isa = PBXBuildFile; fileRef = 10DD97581E0182C8009DC796 /* HistoryDetail.swift */; };
		10DD975B1E01837E009DC796 /* HistoryDetail.xml in Resources */ = {isa = PBXBuildFile; fileRef = 10DD975A1E01837E009DC796 /* HistoryDetail.xml */; };
		10E288EC1DE3347E00A5C80B /* Main.swift in Sources */ = {isa = PBXBuildFile; fileRef = 10E288EB1DE3347E00A5C80B /* Main.swift */; };
		10E288EE1DE337FB00A5C80B /* ParseXML.swift in Sources */ = {isa = PBXBuildFile; fileRef = 10E288ED1DE337FB00A5C80B /* ParseXML.swift */; };
		10E288F01DE338C400A5C80B /* ObjectManager.swift in Sources */ = {isa = PBXBuildFile; fileRef = 10E288EF1DE338C400A5C80B /* ObjectManager.swift */; };
		10E288F21DE33C1B00A5C80B /* ScreenObject.swift in Sources */ = {isa = PBXBuildFile; fileRef = 10E288F11DE33C1B00A5C80B /* ScreenObject.swift */; };
		10E288F41DE33C7B00A5C80B /* ScreenSize.swift in Sources */ = {isa = PBXBuildFile; fileRef = 10E288F31DE33C7B00A5C80B /* ScreenSize.swift */; };
		10E288F71DE33CD200A5C80B /* Main.xml in Resources */ = {isa = PBXBuildFile; fileRef = 10E288F61DE33CD200A5C80B /* Main.xml */; };
		10E288F91DE35D8000A5C80B /* Color.swift in Sources */ = {isa = PBXBuildFile; fileRef = 10E288F81DE35D8000A5C80B /* Color.swift */; };
		10E9525A1DF2AD4800F6EE01 /* WorkoutCell.xml in Resources */ = {isa = PBXBuildFile; fileRef = 10E952591DF2AD4800F6EE01 /* WorkoutCell.xml */; };
		10E9525C1DF2AE7500F6EE01 /* Details.swift in Sources */ = {isa = PBXBuildFile; fileRef = 10E9525B1DF2AE7500F6EE01 /* Details.swift */; };
		10E9525E1DF2AEB200F6EE01 /* Details.xml in Resources */ = {isa = PBXBuildFile; fileRef = 10E9525D1DF2AEB200F6EE01 /* Details.xml */; };
		10ECC8011E0035E4000D2E7C /* Button.swift in Sources */ = {isa = PBXBuildFile; fileRef = 10ECC8001E0035E4000D2E7C /* Button.swift */; };
		10ECC8051E003670000D2E7C /* ScrollView.swift in Sources */ = {isa = PBXBuildFile; fileRef = 10ECC8041E003670000D2E7C /* ScrollView.swift */; };
		10ECC8071E0046EB000D2E7C /* HistoryCell.xml in Resources */ = {isa = PBXBuildFile; fileRef = 10ECC8061E0046EB000D2E7C /* HistoryCell.xml */; };
		10ECC8091E0047AF000D2E7C /* HistoryScroll.swift in Sources */ = {isa = PBXBuildFile; fileRef = 10ECC8081E0047AF000D2E7C /* HistoryScroll.swift */; };
		10ECC80D1E0054A9000D2E7C /* HistoryCell.swift in Sources */ = {isa = PBXBuildFile; fileRef = 10ECC80C1E0054A9000D2E7C /* HistoryCell.swift */; };
		10ECC80F1E005587000D2E7C /* View.swift in Sources */ = {isa = PBXBuildFile; fileRef = 10ECC80E1E005587000D2E7C /* View.swift */; };
		10F7DDB71DFEBDD900BF5D36 /* History.xml in Resources */ = {isa = PBXBuildFile; fileRef = 10F7DDB61DFEBDD900BF5D36 /* History.xml */; };
		10F7DDB91DFEBE1A00BF5D36 /* History.swift in Sources */ = {isa = PBXBuildFile; fileRef = 10F7DDB81DFEBE1A00BF5D36 /* History.swift */; };
		10FB24DC1DD0D3EE00A47755 /* AppDelegate.swift in Sources */ = {isa = PBXBuildFile; fileRef = 10FB24DB1DD0D3EE00A47755 /* AppDelegate.swift */; };
		10FB24E11DD0D3EE00A47755 /* Main.storyboard in Resources */ = {isa = PBXBuildFile; fileRef = 10FB24DF1DD0D3EE00A47755 /* Main.storyboard */; };
		10FB24E31DD0D3EE00A47755 /* Assets.xcassets in Resources */ = {isa = PBXBuildFile; fileRef = 10FB24E21DD0D3EE00A47755 /* Assets.xcassets */; };
		10FB24E61DD0D3EE00A47755 /* LaunchScreen.storyboard in Resources */ = {isa = PBXBuildFile; fileRef = 10FB24E41DD0D3EE00A47755 /* LaunchScreen.storyboard */; };
		10FB6C581DF538750076E3DB /* RoundSecondsGroup.swift in Sources */ = {isa = PBXBuildFile; fileRef = 10FB6C571DF538750076E3DB /* RoundSecondsGroup.swift */; };
		10FB6C5A1DF539270076E3DB /* RoundSecondGroup.xml in Resources */ = {isa = PBXBuildFile; fileRef = 10FB6C591DF539270076E3DB /* RoundSecondGroup.xml */; };
		3C1783961E5346640044288B /* TableViewCell.swift in Sources */ = {isa = PBXBuildFile; fileRef = 3C1783951E5346640044288B /* TableViewCell.swift */; };
		3C579EA71E64614C004994D5 /* Exercise.swift in Sources */ = {isa = PBXBuildFile; fileRef = 3C579EA61E64614C004994D5 /* Exercise.swift */; };
		3CA5BDDE1E6424B1002A75A9 /* Exercise.xml in Resources */ = {isa = PBXBuildFile; fileRef = 3CA5BDDD1E6424B1002A75A9 /* Exercise.xml */; };
		3CB204B51E1FF0F100433581 /* Workout.swift in Sources */ = {isa = PBXBuildFile; fileRef = 3CB204B41E1FF0F100433581 /* Workout.swift */; };
		3CE751511E1E7E15007B43B2 /* HistoryDetails.swift in Sources */ = {isa = PBXBuildFile; fileRef = 3CE751501E1E7E15007B43B2 /* HistoryDetails.swift */; };
		3CE751531E1E7F99007B43B2 /* HistoryDetails.xml in Resources */ = {isa = PBXBuildFile; fileRef = 3CE751521E1E7F99007B43B2 /* HistoryDetails.xml */; };
		3CF32F221E2B18C60099CC9D /* Session.swift in Sources */ = {isa = PBXBuildFile; fileRef = 3CF32F211E2B18C60099CC9D /* Session.swift */; };
		3CF89CF81E65AB1200C71BBF /* Alarm.mp3 in Resources */ = {isa = PBXBuildFile; fileRef = 3CF89CF71E65AB1200C71BBF /* Alarm.mp3 */; };
		3CF89D051E65B81000C71BBF /* Beep.mp3 in Resources */ = {isa = PBXBuildFile; fileRef = 3CF89D011E65B81000C71BBF /* Beep.mp3 */; };
		3CF89D061E65B81000C71BBF /* Bell.mp3 in Resources */ = {isa = PBXBuildFile; fileRef = 3CF89D021E65B81000C71BBF /* Bell.mp3 */; };
		3CF89D081E65B81000C71BBF /* Ticking.mp3 in Resources */ = {isa = PBXBuildFile; fileRef = 3CF89D041E65B81000C71BBF /* Ticking.mp3 */; };
		3CF95D951E2B4E5B00D95318 /* HistoryDetailsScroll.swift in Sources */ = {isa = PBXBuildFile; fileRef = 3CF95D941E2B4E5B00D95318 /* HistoryDetailsScroll.swift */; };
		3CF95D971E2B4F0A00D95318 /* HistoryDetailsScroll.xml in Resources */ = {isa = PBXBuildFile; fileRef = 3CF95D961E2B4F0A00D95318 /* HistoryDetailsScroll.xml */; };
		3CFDA93E1E2687C000E9655A /* Coding.swift in Sources */ = {isa = PBXBuildFile; fileRef = 3CFDA93D1E2687C000E9655A /* Coding.swift */; };
		3CFED4C81E29D89F0094E725 /* Database.swift in Sources */ = {isa = PBXBuildFile; fileRef = 3CFED4C71E29D89F0094E725 /* Database.swift */; };
/* End PBXBuildFile section */

/* Begin PBXFileReference section */
		1003C0C31DF58DD900112FFC /* TextBox.swift */ = {isa = PBXFileReference; fileEncoding = 4; lastKnownFileType = sourcecode.swift; name = TextBox.swift; path = source/TextBox.swift; sourceTree = "<group>"; };
		1003C0C51DF58E0200112FFC /* TextBox.xml */ = {isa = PBXFileReference; fileEncoding = 4; lastKnownFileType = text.xml; name = TextBox.xml; path = XML/TextBox.xml; sourceTree = "<group>"; };
		102326FF1E1149E30012D550 /* ViewController.swift */ = {isa = PBXFileReference; fileEncoding = 4; lastKnownFileType = sourcecode.swift; name = ViewController.swift; path = BaseObject/ViewController.swift; sourceTree = "<group>"; };
		1035D5BC1DE4B84D000C6BFD /* LiberationSans.ttf */ = {isa = PBXFileReference; lastKnownFileType = file; name = LiberationSans.ttf; path = Font/LiberationSans.ttf; sourceTree = "<group>"; };
		1043D72E1DF0C96100C0FF63 /* NewButton.swift */ = {isa = PBXFileReference; fileEncoding = 4; lastKnownFileType = sourcecode.swift; name = NewButton.swift; path = source/NewButton.swift; sourceTree = "<group>"; };
		1043D7301DF0CAF700C0FF63 /* NewButton.xml */ = {isa = PBXFileReference; fileEncoding = 4; lastKnownFileType = text.xml; name = NewButton.xml; path = XML/NewButton.xml; sourceTree = "<group>"; };
		1043D7321DF0E24900C0FF63 /* WorkoutCell.swift */ = {isa = PBXFileReference; fileEncoding = 4; lastKnownFileType = sourcecode.swift; name = WorkoutCell.swift; path = source/WorkoutCell.swift; sourceTree = "<group>"; };
		104415411DFB147F00978FD5 /* WorkoutButton.swift */ = {isa = PBXFileReference; fileEncoding = 4; lastKnownFileType = sourcecode.swift; name = WorkoutButton.swift; path = source/WorkoutButton.swift; sourceTree = "<group>"; };
		104415431DFB153900978FD5 /* WorkoutButton.xml */ = {isa = PBXFileReference; fileEncoding = 4; lastKnownFileType = text.xml; name = WorkoutButton.xml; path = XML/WorkoutButton.xml; sourceTree = "<group>"; };
		10443BF81DF3A42C00FAECA0 /* DetailsCell.swift */ = {isa = PBXFileReference; fileEncoding = 4; lastKnownFileType = sourcecode.swift; name = DetailsCell.swift; path = source/DetailsCell.swift; sourceTree = "<group>"; };
		10443BFA1DF3A59D00FAECA0 /* DetailsCell.xml */ = {isa = PBXFileReference; fileEncoding = 4; lastKnownFileType = text.xml; name = DetailsCell.xml; path = XML/DetailsCell.xml; sourceTree = "<group>"; };
		1044DCA81DD20880006B6582 /* Application.swift */ = {isa = PBXFileReference; fileEncoding = 4; lastKnownFileType = sourcecode.swift; name = Application.swift; path = source/Application.swift; sourceTree = "<group>"; };
		107675CE1DEF3AE800CEDAC7 /* BackButton.xml */ = {isa = PBXFileReference; fileEncoding = 4; lastKnownFileType = text.xml; name = BackButton.xml; path = XML/BackButton.xml; sourceTree = "<group>"; };
		107675D01DEF3DCC00CEDAC7 /* BackButton.swift */ = {isa = PBXFileReference; fileEncoding = 4; lastKnownFileType = sourcecode.swift; name = BackButton.swift; path = source/BackButton.swift; sourceTree = "<group>"; };
		107A28791E01BBF9005F0A8B /* HistoryButton.xml */ = {isa = PBXFileReference; fileEncoding = 4; lastKnownFileType = text.xml; name = HistoryButton.xml; path = XML/HistoryButton.xml; sourceTree = "<group>"; };
		107A287C1E01BD63005F0A8B /* HistoryButton.swift */ = {isa = PBXFileReference; fileEncoding = 4; lastKnownFileType = sourcecode.swift; name = HistoryButton.swift; path = Timer/CustomObject/HistoryButton.swift; sourceTree = "<group>"; };
		107A287E1E01CA39005F0A8B /* ViewButton.swift */ = {isa = PBXFileReference; fileEncoding = 4; lastKnownFileType = sourcecode.swift; name = ViewButton.swift; path = Timer/CustomObject/ViewButton.swift; sourceTree = "<group>"; };
		107A28801E01CB28005F0A8B /* ViewButton.xml */ = {isa = PBXFileReference; fileEncoding = 4; lastKnownFileType = text.xml; name = ViewButton.xml; path = XML/ViewButton.xml; sourceTree = "<group>"; };
		107E5DBE1E06DCF70047EFCF /* ComboButton.swift */ = {isa = PBXFileReference; fileEncoding = 4; lastKnownFileType = sourcecode.swift; name = ComboButton.swift; path = Timer/CustomObject/ComboButton.swift; sourceTree = "<group>"; };
		107E5DC01E06E4C10047EFCF /* ComboButton.xml */ = {isa = PBXFileReference; fileEncoding = 4; lastKnownFileType = text.xml; name = ComboButton.xml; path = XML/ComboButton.xml; sourceTree = "<group>"; };
		1093C4711E12ED5600B9912E /* ComboExpand.xml */ = {isa = PBXFileReference; fileEncoding = 4; lastKnownFileType = text.xml; name = ComboExpand.xml; path = XML/ComboExpand.xml; sourceTree = "<group>"; };
		10A8C9561DEF17E7004C5211 /* Settings.swift */ = {isa = PBXFileReference; fileEncoding = 4; lastKnownFileType = sourcecode.swift; name = Settings.swift; path = ViewController/Settings.swift; sourceTree = "<group>"; };
		10A8C9581DEF18E5004C5211 /* Settings.xml */ = {isa = PBXFileReference; fileEncoding = 4; lastKnownFileType = text.xml; name = Settings.xml; path = XML/Settings.xml; sourceTree = "<group>"; };
		10ADCD621DE5CCAA0078D587 /* MainButton.xml */ = {isa = PBXFileReference; fileEncoding = 4; lastKnownFileType = text.xml; name = MainButton.xml; path = XML/MainButton.xml; sourceTree = "<group>"; };
		10ADCD641DE5CE420078D587 /* MainButton.swift */ = {isa = PBXFileReference; fileEncoding = 4; lastKnownFileType = sourcecode.swift; name = MainButton.swift; path = source/MainButton.swift; sourceTree = "<group>"; };
		10ADCD661DE5F7C20078D587 /* RoundButton.swift */ = {isa = PBXFileReference; fileEncoding = 4; lastKnownFileType = sourcecode.swift; name = RoundButton.swift; path = source/RoundButton.swift; sourceTree = "<group>"; };
		10ADCD681DE5F9030078D587 /* RoundButton.xml */ = {isa = PBXFileReference; fileEncoding = 4; lastKnownFileType = text.xml; name = RoundButton.xml; path = XML/RoundButton.xml; sourceTree = "<group>"; };
		10DD97561E0173C9009DC796 /* SingleLine.swift */ = {isa = PBXFileReference; fileEncoding = 4; lastKnownFileType = sourcecode.swift; name = SingleLine.swift; path = BaseObject/SingleLine.swift; sourceTree = "<group>"; };
		10DD97581E0182C8009DC796 /* HistoryDetail.swift */ = {isa = PBXFileReference; fileEncoding = 4; lastKnownFileType = sourcecode.swift; name = HistoryDetail.swift; path = source/HistoryDetail.swift; sourceTree = "<group>"; };
		10DD975A1E01837E009DC796 /* HistoryDetail.xml */ = {isa = PBXFileReference; fileEncoding = 4; lastKnownFileType = text.xml; name = HistoryDetail.xml; path = XML/HistoryDetail.xml; sourceTree = "<group>"; };
		10E288EB1DE3347E00A5C80B /* Main.swift */ = {isa = PBXFileReference; fileEncoding = 4; lastKnownFileType = sourcecode.swift; name = Main.swift; path = ViewController/Main.swift; sourceTree = "<group>"; };
		10E288ED1DE337FB00A5C80B /* ParseXML.swift */ = {isa = PBXFileReference; fileEncoding = 4; lastKnownFileType = sourcecode.swift; name = ParseXML.swift; path = source/ParseXML.swift; sourceTree = "<group>"; };
		10E288EF1DE338C400A5C80B /* ObjectManager.swift */ = {isa = PBXFileReference; fileEncoding = 4; lastKnownFileType = sourcecode.swift; name = ObjectManager.swift; path = source/ObjectManager.swift; sourceTree = "<group>"; };
		10E288F11DE33C1B00A5C80B /* ScreenObject.swift */ = {isa = PBXFileReference; fileEncoding = 4; lastKnownFileType = sourcecode.swift; name = ScreenObject.swift; path = source/ScreenObject.swift; sourceTree = "<group>"; };
		10E288F31DE33C7B00A5C80B /* ScreenSize.swift */ = {isa = PBXFileReference; fileEncoding = 4; lastKnownFileType = sourcecode.swift; name = ScreenSize.swift; path = source/ScreenSize.swift; sourceTree = "<group>"; };
		10E288F61DE33CD200A5C80B /* Main.xml */ = {isa = PBXFileReference; fileEncoding = 4; lastKnownFileType = text.xml; name = Main.xml; path = XML/Main.xml; sourceTree = "<group>"; };
		10E288F81DE35D8000A5C80B /* Color.swift */ = {isa = PBXFileReference; fileEncoding = 4; lastKnownFileType = sourcecode.swift; name = Color.swift; path = source/Color.swift; sourceTree = "<group>"; };
		10E952591DF2AD4800F6EE01 /* WorkoutCell.xml */ = {isa = PBXFileReference; fileEncoding = 4; lastKnownFileType = text.xml; name = WorkoutCell.xml; path = XML/WorkoutCell.xml; sourceTree = "<group>"; };
		10E9525B1DF2AE7500F6EE01 /* Details.swift */ = {isa = PBXFileReference; fileEncoding = 4; lastKnownFileType = sourcecode.swift; name = Details.swift; path = ViewController/Details.swift; sourceTree = "<group>"; };
		10E9525D1DF2AEB200F6EE01 /* Details.xml */ = {isa = PBXFileReference; fileEncoding = 4; lastKnownFileType = text.xml; name = Details.xml; path = XML/Details.xml; sourceTree = "<group>"; };
		10ECC8001E0035E4000D2E7C /* Button.swift */ = {isa = PBXFileReference; fileEncoding = 4; lastKnownFileType = sourcecode.swift; name = Button.swift; path = BaseObject/Button.swift; sourceTree = "<group>"; };
		10ECC8041E003670000D2E7C /* ScrollView.swift */ = {isa = PBXFileReference; fileEncoding = 4; lastKnownFileType = sourcecode.swift; name = ScrollView.swift; path = BaseObject/ScrollView.swift; sourceTree = "<group>"; };
		10ECC8061E0046EB000D2E7C /* HistoryCell.xml */ = {isa = PBXFileReference; fileEncoding = 4; lastKnownFileType = text.xml; name = HistoryCell.xml; path = XML/HistoryCell.xml; sourceTree = "<group>"; };
		10ECC8081E0047AF000D2E7C /* HistoryScroll.swift */ = {isa = PBXFileReference; fileEncoding = 4; lastKnownFileType = sourcecode.swift; name = HistoryScroll.swift; path = source/HistoryScroll.swift; sourceTree = "<group>"; };
		10ECC80C1E0054A9000D2E7C /* HistoryCell.swift */ = {isa = PBXFileReference; fileEncoding = 4; lastKnownFileType = sourcecode.swift; name = HistoryCell.swift; path = source/HistoryCell.swift; sourceTree = "<group>"; };
		10ECC80E1E005587000D2E7C /* View.swift */ = {isa = PBXFileReference; fileEncoding = 4; lastKnownFileType = sourcecode.swift; name = View.swift; path = BaseObject/View.swift; sourceTree = "<group>"; };
		10F7DDB61DFEBDD900BF5D36 /* History.xml */ = {isa = PBXFileReference; fileEncoding = 4; lastKnownFileType = text.xml; name = History.xml; path = XML/History.xml; sourceTree = "<group>"; };
		10F7DDB81DFEBE1A00BF5D36 /* History.swift */ = {isa = PBXFileReference; fileEncoding = 4; lastKnownFileType = sourcecode.swift; name = History.swift; path = ViewController/History.swift; sourceTree = "<group>"; };
		10FB24D81DD0D3EE00A47755 /* Timer.app */ = {isa = PBXFileReference; explicitFileType = wrapper.application; includeInIndex = 0; path = Timer.app; sourceTree = BUILT_PRODUCTS_DIR; };
		10FB24DB1DD0D3EE00A47755 /* AppDelegate.swift */ = {isa = PBXFileReference; lastKnownFileType = sourcecode.swift; path = AppDelegate.swift; sourceTree = "<group>"; };
		10FB24E01DD0D3EE00A47755 /* Base */ = {isa = PBXFileReference; lastKnownFileType = file.storyboard; name = Base; path = Base.lproj/Main.storyboard; sourceTree = "<group>"; };
		10FB24E21DD0D3EE00A47755 /* Assets.xcassets */ = {isa = PBXFileReference; lastKnownFileType = folder.assetcatalog; path = Assets.xcassets; sourceTree = "<group>"; };
		10FB24E51DD0D3EE00A47755 /* Base */ = {isa = PBXFileReference; lastKnownFileType = file.storyboard; name = Base; path = Base.lproj/LaunchScreen.storyboard; sourceTree = "<group>"; };
		10FB24E71DD0D3EE00A47755 /* Info.plist */ = {isa = PBXFileReference; lastKnownFileType = text.plist.xml; path = Info.plist; sourceTree = "<group>"; };
		10FB6C571DF538750076E3DB /* RoundSecondsGroup.swift */ = {isa = PBXFileReference; fileEncoding = 4; lastKnownFileType = sourcecode.swift; name = RoundSecondsGroup.swift; path = source/RoundSecondsGroup.swift; sourceTree = "<group>"; };
		10FB6C591DF539270076E3DB /* RoundSecondGroup.xml */ = {isa = PBXFileReference; fileEncoding = 4; lastKnownFileType = text.xml; name = RoundSecondGroup.xml; path = XML/RoundSecondGroup.xml; sourceTree = "<group>"; };
		3C1783951E5346640044288B /* TableViewCell.swift */ = {isa = PBXFileReference; fileEncoding = 4; lastKnownFileType = sourcecode.swift; name = TableViewCell.swift; path = Timer/CustomObject/TableViewCell.swift; sourceTree = "<group>"; };
		3C579EA61E64614C004994D5 /* Exercise.swift */ = {isa = PBXFileReference; fileEncoding = 4; lastKnownFileType = sourcecode.swift; name = Exercise.swift; path = Timer/CustomObject/Exercise.swift; sourceTree = "<group>"; };
		3CA5BDDD1E6424B1002A75A9 /* Exercise.xml */ = {isa = PBXFileReference; fileEncoding = 4; lastKnownFileType = text.xml; name = Exercise.xml; path = XML/Exercise.xml; sourceTree = "<group>"; };
		3CB204B41E1FF0F100433581 /* Workout.swift */ = {isa = PBXFileReference; fileEncoding = 4; lastKnownFileType = sourcecode.swift; name = Workout.swift; path = Database/Workout.swift; sourceTree = "<group>"; };
		3CE751501E1E7E15007B43B2 /* HistoryDetails.swift */ = {isa = PBXFileReference; fileEncoding = 4; lastKnownFileType = sourcecode.swift; name = HistoryDetails.swift; path = ViewController/HistoryDetails.swift; sourceTree = "<group>"; };
		3CE751521E1E7F99007B43B2 /* HistoryDetails.xml */ = {isa = PBXFileReference; fileEncoding = 4; lastKnownFileType = text.xml; name = HistoryDetails.xml; path = XML/HistoryDetails.xml; sourceTree = "<group>"; };
		3CF32F211E2B18C60099CC9D /* Session.swift */ = {isa = PBXFileReference; fileEncoding = 4; lastKnownFileType = sourcecode.swift; name = Session.swift; path = Database/Session.swift; sourceTree = "<group>"; };
		3CF89CF71E65AB1200C71BBF /* Alarm.mp3 */ = {isa = PBXFileReference; lastKnownFileType = audio.mp3; name = Alarm.mp3; path = Sounds/Alarm.mp3; sourceTree = "<group>"; };
		3CF89D011E65B81000C71BBF /* Beep.mp3 */ = {isa = PBXFileReference; lastKnownFileType = audio.mp3; name = Beep.mp3; path = Sounds/Beep.mp3; sourceTree = "<group>"; };
		3CF89D021E65B81000C71BBF /* Bell.mp3 */ = {isa = PBXFileReference; lastKnownFileType = audio.mp3; name = Bell.mp3; path = Sounds/Bell.mp3; sourceTree = "<group>"; };
		3CF89D041E65B81000C71BBF /* Ticking.mp3 */ = {isa = PBXFileReference; lastKnownFileType = audio.mp3; name = Ticking.mp3; path = Sounds/Ticking.mp3; sourceTree = "<group>"; };
		3CF95D941E2B4E5B00D95318 /* HistoryDetailsScroll.swift */ = {isa = PBXFileReference; fileEncoding = 4; lastKnownFileType = sourcecode.swift; name = HistoryDetailsScroll.swift; path = Timer/CustomObject/HistoryDetailsScroll.swift; sourceTree = "<group>"; };
		3CF95D961E2B4F0A00D95318 /* HistoryDetailsScroll.xml */ = {isa = PBXFileReference; fileEncoding = 4; lastKnownFileType = text.xml; name = HistoryDetailsScroll.xml; path = XML/HistoryDetailsScroll.xml; sourceTree = "<group>"; };
		3CFDA93D1E2687C000E9655A /* Coding.swift */ = {isa = PBXFileReference; fileEncoding = 4; lastKnownFileType = sourcecode.swift; name = Coding.swift; path = Database/Coding.swift; sourceTree = "<group>"; };
		3CFED4C71E29D89F0094E725 /* Database.swift */ = {isa = PBXFileReference; fileEncoding = 4; lastKnownFileType = sourcecode.swift; name = Database.swift; path = Database/Database.swift; sourceTree = "<group>"; };
/* End PBXFileReference section */

/* Begin PBXFrameworksBuildPhase section */
		10FB24D51DD0D3EE00A47755 /* Frameworks */ = {
			isa = PBXFrameworksBuildPhase;
			buildActionMask = 2147483647;
			files = (
			);
			runOnlyForDeploymentPostprocessing = 0;
		};
/* End PBXFrameworksBuildPhase section */

/* Begin PBXGroup section */
		1035D5BB1DE4B83D000C6BFD /* Font */ = {
			isa = PBXGroup;
			children = (
				1035D5BC1DE4B84D000C6BFD /* LiberationSans.ttf */,
			);
			name = Font;
			sourceTree = "<group>";
		};
		1044DCA71DD20811006B6582 /* Source */ = {
			isa = PBXGroup;
			children = (
				1044DCA81DD20880006B6582 /* Application.swift */,
				107675D01DEF3DCC00CEDAC7 /* BackButton.swift */,
				10E288F81DE35D8000A5C80B /* Color.swift */,
				10443BF81DF3A42C00FAECA0 /* DetailsCell.swift */,
				10ECC80C1E0054A9000D2E7C /* HistoryCell.swift */,
				10DD97581E0182C8009DC796 /* HistoryDetail.swift */,
				10ECC8081E0047AF000D2E7C /* HistoryScroll.swift */,
				10ADCD641DE5CE420078D587 /* MainButton.swift */,
				1043D72E1DF0C96100C0FF63 /* NewButton.swift */,
				10E288EF1DE338C400A5C80B /* ObjectManager.swift */,
				10E288ED1DE337FB00A5C80B /* ParseXML.swift */,
				10ADCD661DE5F7C20078D587 /* RoundButton.swift */,
				10FB6C571DF538750076E3DB /* RoundSecondsGroup.swift */,
				10E288F11DE33C1B00A5C80B /* ScreenObject.swift */,
				10E288F31DE33C7B00A5C80B /* ScreenSize.swift */,
				1003C0C31DF58DD900112FFC /* TextBox.swift */,
				104415411DFB147F00978FD5 /* WorkoutButton.swift */,
				1043D7321DF0E24900C0FF63 /* WorkoutCell.swift */,
			);
			name = Source;
			sourceTree = "<group>";
		};
		107A287B1E01BD03005F0A8B /* CustomObject */ = {
			isa = PBXGroup;
			children = (
				107E5DBE1E06DCF70047EFCF /* ComboButton.swift */,
				3C579EA61E64614C004994D5 /* Exercise.swift */,
				107A287C1E01BD63005F0A8B /* HistoryButton.swift */,
				3CF95D941E2B4E5B00D95318 /* HistoryDetailsScroll.swift */,
				3C1783951E5346640044288B /* TableViewCell.swift */,
				107A287E1E01CA39005F0A8B /* ViewButton.swift */,
			);
			name = CustomObject;
			path = ..;
			sourceTree = "<group>";
		};
		10E288EA1DE3331700A5C80B /* ViewController */ = {
			isa = PBXGroup;
			children = (
				10E9525B1DF2AE7500F6EE01 /* Details.swift */,
				10F7DDB81DFEBE1A00BF5D36 /* History.swift */,
				3CE751501E1E7E15007B43B2 /* HistoryDetails.swift */,
				10E288EB1DE3347E00A5C80B /* Main.swift */,
				10A8C9561DEF17E7004C5211 /* Settings.swift */,
			);
			name = ViewController;
			sourceTree = "<group>";
		};
		10E288F51DE33C9000A5C80B /* XML */ = {
			isa = PBXGroup;
			children = (
				107675CE1DEF3AE800CEDAC7 /* BackButton.xml */,
				107E5DC01E06E4C10047EFCF /* ComboButton.xml */,
				1093C4711E12ED5600B9912E /* ComboExpand.xml */,
				10E9525D1DF2AEB200F6EE01 /* Details.xml */,
				10443BFA1DF3A59D00FAECA0 /* DetailsCell.xml */,
				3CA5BDDD1E6424B1002A75A9 /* Exercise.xml */,
				10F7DDB61DFEBDD900BF5D36 /* History.xml */,
				107A28791E01BBF9005F0A8B /* HistoryButton.xml */,
				10ECC8061E0046EB000D2E7C /* HistoryCell.xml */,
				10DD975A1E01837E009DC796 /* HistoryDetail.xml */,
				3CE751521E1E7F99007B43B2 /* HistoryDetails.xml */,
				3CF95D961E2B4F0A00D95318 /* HistoryDetailsScroll.xml */,
				10E288F61DE33CD200A5C80B /* Main.xml */,
				10ADCD621DE5CCAA0078D587 /* MainButton.xml */,
				1043D7301DF0CAF700C0FF63 /* NewButton.xml */,
				10ADCD681DE5F9030078D587 /* RoundButton.xml */,
				10FB6C591DF539270076E3DB /* RoundSecondGroup.xml */,
				10A8C9581DEF18E5004C5211 /* Settings.xml */,
				1003C0C51DF58E0200112FFC /* TextBox.xml */,
				107A28801E01CB28005F0A8B /* ViewButton.xml */,
				104415431DFB153900978FD5 /* WorkoutButton.xml */,
				10E952591DF2AD4800F6EE01 /* WorkoutCell.xml */,
			);
			name = XML;
			sourceTree = "<group>";
		};
		10ECC7FE1E003359000D2E7C /* storyboard */ = {
			isa = PBXGroup;
			children = (
				10FB24E41DD0D3EE00A47755 /* LaunchScreen.storyboard */,
				10FB24DF1DD0D3EE00A47755 /* Main.storyboard */,
			);
			name = storyboard;
			sourceTree = "<group>";
		};
		10ECC7FF1E003569000D2E7C /* BaseObject */ = {
			isa = PBXGroup;
			children = (
				10ECC8001E0035E4000D2E7C /* Button.swift */,
				10ECC8041E003670000D2E7C /* ScrollView.swift */,
				10DD97561E0173C9009DC796 /* SingleLine.swift */,
				10ECC80E1E005587000D2E7C /* View.swift */,
				102326FF1E1149E30012D550 /* ViewController.swift */,
			);
			name = BaseObject;
			sourceTree = "<group>";
		};
		10FB24CF1DD0D3EE00A47755 = {
			isa = PBXGroup;
			children = (
				10FB24D91DD0D3EE00A47755 /* Products */,
				10FB24DA1DD0D3EE00A47755 /* Timer */,
			);
			sourceTree = "<group>";
		};
		10FB24D91DD0D3EE00A47755 /* Products */ = {
			isa = PBXGroup;
			children = (
				10FB24D81DD0D3EE00A47755 /* Timer.app */,
			);
			name = Products;
			sourceTree = "<group>";
		};
		10FB24DA1DD0D3EE00A47755 /* Timer */ = {
			isa = PBXGroup;
			children = (
				10FB24DB1DD0D3EE00A47755 /* AppDelegate.swift */,
				10FB24E21DD0D3EE00A47755 /* Assets.xcassets */,
				10ECC7FF1E003569000D2E7C /* BaseObject */,
				107A287B1E01BD03005F0A8B /* CustomObject */,
				3CB204B31E1FE9C200433581 /* Database */,
				1035D5BB1DE4B83D000C6BFD /* Font */,
				10FB24E71DD0D3EE00A47755 /* Info.plist */,
				3C13DDBD1E4F094C00175144 /* Sounds */,
				1044DCA71DD20811006B6582 /* Source */,
				10ECC7FE1E003359000D2E7C /* storyboard */,
				10E288EA1DE3331700A5C80B /* ViewController */,
				10E288F51DE33C9000A5C80B /* XML */,
			);
			path = Timer;
			sourceTree = "<group>";
		};
		3C13DDBD1E4F094C00175144 /* Sounds */ = {
			isa = PBXGroup;
			children = (
				3CF89CF71E65AB1200C71BBF /* Alarm.mp3 */,
				3CF89D011E65B81000C71BBF /* Beep.mp3 */,
				3CF89D021E65B81000C71BBF /* Bell.mp3 */,
				3CF89D041E65B81000C71BBF /* Ticking.mp3 */,
			);
			name = Sounds;
			sourceTree = "<group>";
		};
		3CB204B31E1FE9C200433581 /* Database */ = {
			isa = PBXGroup;
			children = (
				3CFDA93D1E2687C000E9655A /* Coding.swift */,
				3CFED4C71E29D89F0094E725 /* Database.swift */,
				3CF32F211E2B18C60099CC9D /* Session.swift */,
				3CB204B41E1FF0F100433581 /* Workout.swift */,
			);
			name = Database;
			sourceTree = "<group>";
		};
/* End PBXGroup section */

/* Begin PBXNativeTarget section */
		10FB24D71DD0D3EE00A47755 /* Timer */ = {
			isa = PBXNativeTarget;
			buildConfigurationList = 10FB24EA1DD0D3EE00A47755 /* Build configuration list for PBXNativeTarget "Timer" */;
			buildPhases = (
				10FB24D41DD0D3EE00A47755 /* Sources */,
				10FB24D51DD0D3EE00A47755 /* Frameworks */,
				10FB24D61DD0D3EE00A47755 /* Resources */,
			);
			buildRules = (
			);
			dependencies = (
			);
			name = Timer;
			productName = Timer;
			productReference = 10FB24D81DD0D3EE00A47755 /* Timer.app */;
			productType = "com.apple.product-type.application";
		};
/* End PBXNativeTarget section */

/* Begin PBXProject section */
		10FB24D01DD0D3EE00A47755 /* Project object */ = {
			isa = PBXProject;
			attributes = {
				LastSwiftUpdateCheck = 0810;
				LastUpgradeCheck = 0820;
				ORGANIZATIONNAME = ian;
				TargetAttributes = {
					10FB24D71DD0D3EE00A47755 = {
						CreatedOnToolsVersion = 8.1;
						DevelopmentTeam = W42C8BLL6A;
						ProvisioningStyle = Automatic;
					};
				};
			};
			buildConfigurationList = 10FB24D31DD0D3EE00A47755 /* Build configuration list for PBXProject "Timer" */;
			compatibilityVersion = "Xcode 3.2";
			developmentRegion = English;
			hasScannedForEncodings = 0;
			knownRegions = (
				en,
				Base,
			);
			mainGroup = 10FB24CF1DD0D3EE00A47755;
			productRefGroup = 10FB24D91DD0D3EE00A47755 /* Products */;
			projectDirPath = "";
			projectRoot = "";
			targets = (
				10FB24D71DD0D3EE00A47755 /* Timer */,
			);
		};
/* End PBXProject section */

/* Begin PBXResourcesBuildPhase section */
		10FB24D61DD0D3EE00A47755 /* Resources */ = {
			isa = PBXResourcesBuildPhase;
			buildActionMask = 2147483647;
			files = (
				3CF95D971E2B4F0A00D95318 /* HistoryDetailsScroll.xml in Resources */,
				10E9525E1DF2AEB200F6EE01 /* Details.xml in Resources */,
				3CF89D051E65B81000C71BBF /* Beep.mp3 in Resources */,
				3CE751531E1E7F99007B43B2 /* HistoryDetails.xml in Resources */,
				3CF89D061E65B81000C71BBF /* Bell.mp3 in Resources */,
				3CF89D081E65B81000C71BBF /* Ticking.mp3 in Resources */,
				10ADCD691DE5F9030078D587 /* RoundButton.xml in Resources */,
				3CA5BDDE1E6424B1002A75A9 /* Exercise.xml in Resources */,
				10E288F71DE33CD200A5C80B /* Main.xml in Resources */,
				10FB24E61DD0D3EE00A47755 /* LaunchScreen.storyboard in Resources */,
				104415441DFB153900978FD5 /* WorkoutButton.xml in Resources */,
				3CF89CF81E65AB1200C71BBF /* Alarm.mp3 in Resources */,
				10ADCD631DE5CCAA0078D587 /* MainButton.xml in Resources */,
				10ECC8071E0046EB000D2E7C /* HistoryCell.xml in Resources */,
				1093C4721E12ED5600B9912E /* ComboExpand.xml in Resources */,
				107A28811E01CB28005F0A8B /* ViewButton.xml in Resources */,
				107E5DC11E06E4C10047EFCF /* ComboButton.xml in Resources */,
				10443BFB1DF3A59D00FAECA0 /* DetailsCell.xml in Resources */,
				10FB6C5A1DF539270076E3DB /* RoundSecondGroup.xml in Resources */,
				1043D7311DF0CAF700C0FF63 /* NewButton.xml in Resources */,
				10A8C9591DEF18E5004C5211 /* Settings.xml in Resources */,
				1035D5BD1DE4B84D000C6BFD /* LiberationSans.ttf in Resources */,
				10DD975B1E01837E009DC796 /* HistoryDetail.xml in Resources */,
				10F7DDB71DFEBDD900BF5D36 /* History.xml in Resources */,
				107A287A1E01BBF9005F0A8B /* HistoryButton.xml in Resources */,
				107675CF1DEF3AE800CEDAC7 /* BackButton.xml in Resources */,
				10FB24E31DD0D3EE00A47755 /* Assets.xcassets in Resources */,
				10E9525A1DF2AD4800F6EE01 /* WorkoutCell.xml in Resources */,
				1003C0C61DF58E0200112FFC /* TextBox.xml in Resources */,
				10FB24E11DD0D3EE00A47755 /* Main.storyboard in Resources */,
			);
			runOnlyForDeploymentPostprocessing = 0;
		};
/* End PBXResourcesBuildPhase section */

/* Begin PBXSourcesBuildPhase section */
		10FB24D41DD0D3EE00A47755 /* Sources */ = {
			isa = PBXSourcesBuildPhase;
			buildActionMask = 2147483647;
			files = (
				10E288F01DE338C400A5C80B /* ObjectManager.swift in Sources */,
				10ECC8011E0035E4000D2E7C /* Button.swift in Sources */,
				1044DCA91DD20880006B6582 /* Application.swift in Sources */,
				3CFDA93E1E2687C000E9655A /* Coding.swift in Sources */,
				10ADCD671DE5F7C20078D587 /* RoundButton.swift in Sources */,
				10443BF91DF3A42C00FAECA0 /* DetailsCell.swift in Sources */,
				3CFED4C81E29D89F0094E725 /* Database.swift in Sources */,
				10E288F21DE33C1B00A5C80B /* ScreenObject.swift in Sources */,
				107A287D1E01BD63005F0A8B /* HistoryButton.swift in Sources */,
				10FB6C581DF538750076E3DB /* RoundSecondsGroup.swift in Sources */,
				10ADCD651DE5CE420078D587 /* MainButton.swift in Sources */,
				1043D7331DF0E24900C0FF63 /* WorkoutCell.swift in Sources */,
				10DD97571E0173CA009DC796 /* SingleLine.swift in Sources */,
				10A8C9571DEF17E7004C5211 /* Settings.swift in Sources */,
				10E288EE1DE337FB00A5C80B /* ParseXML.swift in Sources */,
				102327001E1149E30012D550 /* ViewController.swift in Sources */,
				3CB204B51E1FF0F100433581 /* Workout.swift in Sources */,
				10ECC8051E003670000D2E7C /* ScrollView.swift in Sources */,
				1043D72F1DF0C96100C0FF63 /* NewButton.swift in Sources */,
				10ECC80F1E005587000D2E7C /* View.swift in Sources */,
				3CF95D951E2B4E5B00D95318 /* HistoryDetailsScroll.swift in Sources */,
				104415421DFB147F00978FD5 /* WorkoutButton.swift in Sources */,
				10E288EC1DE3347E00A5C80B /* Main.swift in Sources */,
				3C1783961E5346640044288B /* TableViewCell.swift in Sources */,
				10ECC80D1E0054A9000D2E7C /* HistoryCell.swift in Sources */,
				10ECC8091E0047AF000D2E7C /* HistoryScroll.swift in Sources */,
				10E288F41DE33C7B00A5C80B /* ScreenSize.swift in Sources */,
				1003C0C41DF58DD900112FFC /* TextBox.swift in Sources */,
				3CE751511E1E7E15007B43B2 /* HistoryDetails.swift in Sources */,
				3CF32F221E2B18C60099CC9D /* Session.swift in Sources */,
				107E5DBF1E06DCF70047EFCF /* ComboButton.swift in Sources */,
				10DD97591E0182C8009DC796 /* HistoryDetail.swift in Sources */,
				10F7DDB91DFEBE1A00BF5D36 /* History.swift in Sources */,
				10FB24DC1DD0D3EE00A47755 /* AppDelegate.swift in Sources */,
				107675D11DEF3DCC00CEDAC7 /* BackButton.swift in Sources */,
				3C579EA71E64614C004994D5 /* Exercise.swift in Sources */,
				10E9525C1DF2AE7500F6EE01 /* Details.swift in Sources */,
				10E288F91DE35D8000A5C80B /* Color.swift in Sources */,
				107A287F1E01CA39005F0A8B /* ViewButton.swift in Sources */,
			);
			runOnlyForDeploymentPostprocessing = 0;
		};
/* End PBXSourcesBuildPhase section */

/* Begin PBXVariantGroup section */
		10FB24DF1DD0D3EE00A47755 /* Main.storyboard */ = {
			isa = PBXVariantGroup;
			children = (
				10FB24E01DD0D3EE00A47755 /* Base */,
			);
			name = Main.storyboard;
			sourceTree = "<group>";
		};
		10FB24E41DD0D3EE00A47755 /* LaunchScreen.storyboard */ = {
			isa = PBXVariantGroup;
			children = (
				10FB24E51DD0D3EE00A47755 /* Base */,
			);
			name = LaunchScreen.storyboard;
			sourceTree = "<group>";
		};
/* End PBXVariantGroup section */

/* Begin XCBuildConfiguration section */
		10FB24E81DD0D3EE00A47755 /* Debug */ = {
			isa = XCBuildConfiguration;
			buildSettings = {
				ALWAYS_SEARCH_USER_PATHS = NO;
				CLANG_ANALYZER_NONNULL = YES;
				CLANG_CXX_LANGUAGE_STANDARD = "gnu++0x";
				CLANG_CXX_LIBRARY = "libc++";
				CLANG_ENABLE_MODULES = YES;
				CLANG_ENABLE_OBJC_ARC = YES;
				CLANG_WARN_BOOL_CONVERSION = YES;
				CLANG_WARN_CONSTANT_CONVERSION = YES;
				CLANG_WARN_DIRECT_OBJC_ISA_USAGE = YES_ERROR;
				CLANG_WARN_DOCUMENTATION_COMMENTS = YES;
				CLANG_WARN_EMPTY_BODY = YES;
				CLANG_WARN_ENUM_CONVERSION = YES;
				CLANG_WARN_INFINITE_RECURSION = YES;
				CLANG_WARN_INT_CONVERSION = YES;
				CLANG_WARN_OBJC_ROOT_CLASS = YES_ERROR;
				CLANG_WARN_SUSPICIOUS_MOVE = YES;
				CLANG_WARN_SUSPICIOUS_MOVES = YES;
				CLANG_WARN_UNREACHABLE_CODE = YES;
				CLANG_WARN__DUPLICATE_METHOD_MATCH = YES;
				"CODE_SIGN_IDENTITY[sdk=iphoneos*]" = "iPhone Developer";
				COPY_PHASE_STRIP = NO;
				DEBUG_INFORMATION_FORMAT = dwarf;
				ENABLE_STRICT_OBJC_MSGSEND = YES;
				ENABLE_TESTABILITY = YES;
				GCC_C_LANGUAGE_STANDARD = gnu99;
				GCC_DYNAMIC_NO_PIC = NO;
				GCC_NO_COMMON_BLOCKS = YES;
				GCC_OPTIMIZATION_LEVEL = 0;
				GCC_PREPROCESSOR_DEFINITIONS = (
					"DEBUG=1",
					"$(inherited)",
				);
				GCC_WARN_64_TO_32_BIT_CONVERSION = YES;
				GCC_WARN_ABOUT_RETURN_TYPE = YES_ERROR;
				GCC_WARN_UNDECLARED_SELECTOR = YES;
				GCC_WARN_UNINITIALIZED_AUTOS = YES_AGGRESSIVE;
				GCC_WARN_UNUSED_FUNCTION = YES;
				GCC_WARN_UNUSED_VARIABLE = YES;
				IPHONEOS_DEPLOYMENT_TARGET = 10.1;
				MTL_ENABLE_DEBUG_INFO = YES;
				ONLY_ACTIVE_ARCH = YES;
				SDKROOT = iphoneos;
				SWIFT_ACTIVE_COMPILATION_CONDITIONS = DEBUG;
				SWIFT_OPTIMIZATION_LEVEL = "-Onone";
			};
			name = Debug;
		};
		10FB24E91DD0D3EE00A47755 /* Release */ = {
			isa = XCBuildConfiguration;
			buildSettings = {
				ALWAYS_SEARCH_USER_PATHS = NO;
				CLANG_ANALYZER_NONNULL = YES;
				CLANG_CXX_LANGUAGE_STANDARD = "gnu++0x";
				CLANG_CXX_LIBRARY = "libc++";
				CLANG_ENABLE_MODULES = YES;
				CLANG_ENABLE_OBJC_ARC = YES;
				CLANG_WARN_BOOL_CONVERSION = YES;
				CLANG_WARN_CONSTANT_CONVERSION = YES;
				CLANG_WARN_DIRECT_OBJC_ISA_USAGE = YES_ERROR;
				CLANG_WARN_DOCUMENTATION_COMMENTS = YES;
				CLANG_WARN_EMPTY_BODY = YES;
				CLANG_WARN_ENUM_CONVERSION = YES;
				CLANG_WARN_INFINITE_RECURSION = YES;
				CLANG_WARN_INT_CONVERSION = YES;
				CLANG_WARN_OBJC_ROOT_CLASS = YES_ERROR;
				CLANG_WARN_SUSPICIOUS_MOVE = YES;
				CLANG_WARN_SUSPICIOUS_MOVES = YES;
				CLANG_WARN_UNREACHABLE_CODE = YES;
				CLANG_WARN__DUPLICATE_METHOD_MATCH = YES;
				"CODE_SIGN_IDENTITY[sdk=iphoneos*]" = "iPhone Developer";
				COPY_PHASE_STRIP = NO;
				DEBUG_INFORMATION_FORMAT = "dwarf-with-dsym";
				ENABLE_NS_ASSERTIONS = NO;
				ENABLE_STRICT_OBJC_MSGSEND = YES;
				GCC_C_LANGUAGE_STANDARD = gnu99;
				GCC_NO_COMMON_BLOCKS = YES;
				GCC_WARN_64_TO_32_BIT_CONVERSION = YES;
				GCC_WARN_ABOUT_RETURN_TYPE = YES_ERROR;
				GCC_WARN_UNDECLARED_SELECTOR = YES;
				GCC_WARN_UNINITIALIZED_AUTOS = YES_AGGRESSIVE;
				GCC_WARN_UNUSED_FUNCTION = YES;
				GCC_WARN_UNUSED_VARIABLE = YES;
				IPHONEOS_DEPLOYMENT_TARGET = 10.1;
				MTL_ENABLE_DEBUG_INFO = NO;
				SDKROOT = iphoneos;
				SWIFT_OPTIMIZATION_LEVEL = "-Owholemodule";
				VALIDATE_PRODUCT = YES;
			};
			name = Release;
		};
		10FB24EB1DD0D3EE00A47755 /* Debug */ = {
			isa = XCBuildConfiguration;
			buildSettings = {
				ASSETCATALOG_COMPILER_APPICON_NAME = AppIcon;
				"CODE_SIGN_IDENTITY[sdk=iphoneos*]" = "iPhone Developer";
				DEVELOPMENT_TEAM = W42C8BLL6A;
				INFOPLIST_FILE = Timer/Info.plist;
				LD_RUNPATH_SEARCH_PATHS = "$(inherited) @executable_path/Frameworks";
				PRODUCT_BUNDLE_IDENTIFIER = com.ian.Timer;
				PRODUCT_NAME = "$(TARGET_NAME)";
				SWIFT_VERSION = 3.0;
			};
			name = Debug;
		};
		10FB24EC1DD0D3EE00A47755 /* Release */ = {
			isa = XCBuildConfiguration;
			buildSettings = {
				ASSETCATALOG_COMPILER_APPICON_NAME = AppIcon;
				"CODE_SIGN_IDENTITY[sdk=iphoneos*]" = "iPhone Developer";
				DEVELOPMENT_TEAM = W42C8BLL6A;
				INFOPLIST_FILE = Timer/Info.plist;
				LD_RUNPATH_SEARCH_PATHS = "$(inherited) @executable_path/Frameworks";
				PRODUCT_BUNDLE_IDENTIFIER = com.ian.Timer;
				PRODUCT_NAME = "$(TARGET_NAME)";
				SWIFT_VERSION = 3.0;
			};
			name = Release;
		};
/* End XCBuildConfiguration section */

/* Begin XCConfigurationList section */
		10FB24D31DD0D3EE00A47755 /* Build configuration list for PBXProject "Timer" */ = {
			isa = XCConfigurationList;
			buildConfigurations = (
				10FB24E81DD0D3EE00A47755 /* Debug */,
				10FB24E91DD0D3EE00A47755 /* Release */,
			);
			defaultConfigurationIsVisible = 0;
			defaultConfigurationName = Release;
		};
		10FB24EA1DD0D3EE00A47755 /* Build configuration list for PBXNativeTarget "Timer" */ = {
			isa = XCConfigurationList;
			buildConfigurations = (
				10FB24EB1DD0D3EE00A47755 /* Debug */,
				10FB24EC1DD0D3EE00A47755 /* Release */,
			);
			defaultConfigurationIsVisible = 0;
			defaultConfigurationName = Release;
		};
/* End XCConfigurationList section */
	};
	rootObject = 10FB24D01DD0D3EE00A47755 /* Project object */;
}
